
Microsoft Visual Studio Solution File, Format Version 12.00
# Visual Studio Version 17
VisualStudioVersion = 17.10.34607.79
MinimumVisualStudioVersion = 10.0.40219.1
Project("{FAE04EC0-301F-11D3-BF4B-00C04F79EFBC}") = "Tabber Goals", "Tabber Goals.csproj", "{5209C122-D04C-434B-BF5D-FBE3ED8B4510}"
EndProject
Global
	GlobalSection(SolutionConfigurationPlatforms) = preSolution
		Debug|Any CPU = Debug|Any CPU
		Release|Any CPU = Release|Any CPU
	EndGlobalSection
	GlobalSection(ProjectConfigurationPlatforms) = postSolution
		{5209C122-D04C-434B-BF5D-FBE3ED8B4510}.Debug|Any CPU.ActiveCfg = Debug|Any CPU
		{5209C122-D04C-434B-BF5D-FBE3ED8B4510}.Debug|Any CPU.Build.0 = Debug|Any CPU
		{5209C122-D04C-434B-BF5D-FBE3ED8B4510}.Release|Any CPU.ActiveCfg = Release|Any CPU
		{5209C122-D04C-434B-BF5D-FBE3ED8B4510}.Release|Any CPU.Build.0 = Release|Any CPU
	EndGlobalSection
	GlobalSection(SolutionProperties) = preSolution
		HideSolutionNode = FALSE
	EndGlobalSection
	GlobalSection(ExtensibilityGlobals) = postSolution
		SolutionGuid = {3D7BF394-489B-4E2F-96DC-7CD6E3E64F0F}
	EndGlobalSection
EndGlobal
